
Microsoft Visual Studio Solution File, Format Version 12.00
# Visual Studio Version 17
VisualStudioVersion = 17.5.33516.290
MinimumVisualStudioVersion = 10.0.40219.1
Project("{FAE04EC0-301F-11D3-BF4B-00C04F79EFBC}") = "Wiso_Learning_App", "Wiso_Learning_App\Wiso_Learning_App.csproj", "{48010F29-F3CD-44A4-AB90-40964C6BEDE7}"
EndProject
Global
	GlobalSection(SolutionConfigurationPlatforms) = preSolution
		Debug|Any CPU = Debug|Any CPU
		Release|Any CPU = Release|Any CPU
	EndGlobalSection
	GlobalSection(ProjectConfigurationPlatforms) = postSolution
		{48010F29-F3CD-44A4-AB90-40964C6BEDE7}.Debug|Any CPU.ActiveCfg = Debug|Any CPU
		{48010F29-F3CD-44A4-AB90-40964C6BEDE7}.Debug|Any CPU.Build.0 = Debug|Any CPU
		{48010F29-F3CD-44A4-AB90-40964C6BEDE7}.Release|Any CPU.ActiveCfg = Release|Any CPU
		{48010F29-F3CD-44A4-AB90-40964C6BEDE7}.Release|Any CPU.Build.0 = Release|Any CPU
	EndGlobalSection
	GlobalSection(SolutionProperties) = preSolution
		HideSolutionNode = FALSE
	EndGlobalSection
	GlobalSection(ExtensibilityGlobals) = postSolution
		SolutionGuid = {EC73815A-E56E-44A4-B58D-8A0FE84605C4}
	EndGlobalSection
EndGlobal
